
Microsoft Visual Studio Solution File, Format Version 12.00
# Visual Studio Version 17
VisualStudioVersion = 17.8.34322.80
MinimumVisualStudioVersion = 10.0.40219.1
Project("{FAE04EC0-301F-11D3-BF4B-00C04F79EFBC}") = "WebApiAutores", "WebApiAutores.csproj", "{8100C8B7-7860-4D07-B316-8990ACE4D691}"
EndProject
Global
	GlobalSection(SolutionConfigurationPlatforms) = preSolution
		Debug|Any CPU = Debug|Any CPU
		Release|Any CPU = Release|Any CPU
	EndGlobalSection
	GlobalSection(ProjectConfigurationPlatforms) = postSolution
		{8100C8B7-7860-4D07-B316-8990ACE4D691}.Debug|Any CPU.ActiveCfg = Debug|Any CPU
		{8100C8B7-7860-4D07-B316-8990ACE4D691}.Debug|Any CPU.Build.0 = Debug|Any CPU
		{8100C8B7-7860-4D07-B316-8990ACE4D691}.Release|Any CPU.ActiveCfg = Release|Any CPU
		{8100C8B7-7860-4D07-B316-8990ACE4D691}.Release|Any CPU.Build.0 = Release|Any CPU
	EndGlobalSection
	GlobalSection(SolutionProperties) = preSolution
		HideSolutionNode = FALSE
	EndGlobalSection
	GlobalSection(ExtensibilityGlobals) = postSolution
		SolutionGuid = {A9291B45-42B2-4450-B7FA-CE3AC414704F}
	EndGlobalSection
EndGlobal
